// !$*UTF8*$!
{
	archiveVersion = 1;
	classes = {
	};
	objectVersion = 55;
	objects = {

/* Begin PBXBuildFile section */
		CEBC56742CAE14A500BD0DF7 /* AppDelegate.swift in Sources */ = {isa = PBXBuildFile; fileRef = CEBC56732CAE14A500BD0DF7 /* AppDelegate.swift */; };
		CEBC56762CAE14A500BD0DF7 /* SceneDelegate.swift in Sources */ = {isa = PBXBuildFile; fileRef = CEBC56752CAE14A500BD0DF7 /* SceneDelegate.swift */; };
		CEBC56782CAE14A500BD0DF7 /* ViewController.swift in Sources */ = {isa = PBXBuildFile; fileRef = CEBC56772CAE14A500BD0DF7 /* ViewController.swift */; };
		CEBC567B2CAE14A500BD0DF7 /* Main.storyboard in Resources */ = {isa = PBXBuildFile; fileRef = CEBC56792CAE14A500BD0DF7 /* Main.storyboard */; };
		CEBC567E2CAE14A500BD0DF7 /* LupoColeccionJuegos.xcdatamodeld in Sources */ = {isa = PBXBuildFile; fileRef = CEBC567C2CAE14A500BD0DF7 /* LupoColeccionJuegos.xcdatamodeld */; };
		CEBC56802CAE14A700BD0DF7 /* Assets.xcassets in Resources */ = {isa = PBXBuildFile; fileRef = CEBC567F2CAE14A700BD0DF7 /* Assets.xcassets */; };
		CEBC56832CAE14A700BD0DF7 /* LaunchScreen.storyboard in Resources */ = {isa = PBXBuildFile; fileRef = CEBC56812CAE14A700BD0DF7 /* LaunchScreen.storyboard */; };
/* End PBXBuildFile section */

/* Begin PBXFileReference section */
		CEBC56702CAE14A500BD0DF7 /* LupoColeccionJuegos.app */ = {isa = PBXFileReference; explicitFileType = wrapper.application; includeInIndex = 0; path = LupoColeccionJuegos.app; sourceTree = BUILT_PRODUCTS_DIR; };
		CEBC56732CAE14A500BD0DF7 /* AppDelegate.swift */ = {isa = PBXFileReference; lastKnownFileType = sourcecode.swift; path = AppDelegate.swift; sourceTree = "<group>"; };
		CEBC56752CAE14A500BD0DF7 /* SceneDelegate.swift */ = {isa = PBXFileReference; lastKnownFileType = sourcecode.swift; path = SceneDelegate.swift; sourceTree = "<group>"; };
		CEBC56772CAE14A500BD0DF7 /* ViewController.swift */ = {isa = PBXFileReference; lastKnownFileType = sourcecode.swift; path = ViewController.swift; sourceTree = "<group>"; };
		CEBC567A2CAE14A500BD0DF7 /* Base */ = {isa = PBXFileReference; lastKnownFileType = file.storyboard; name = Base; path = Base.lproj/Main.storyboard; sourceTree = "<group>"; };
		CEBC567D2CAE14A500BD0DF7 /* LupoColeccionJuegos.xcdatamodel */ = {isa = PBXFileReference; lastKnownFileType = wrapper.xcdatamodel; path = LupoColeccionJuegos.xcdatamodel; sourceTree = "<group>"; };
		CEBC567F2CAE14A700BD0DF7 /* Assets.xcassets */ = {isa = PBXFileReference; lastKnownFileType = folder.assetcatalog; path = Assets.xcassets; sourceTree = "<group>"; };
		CEBC56822CAE14A700BD0DF7 /* Base */ = {isa = PBXFileReference; lastKnownFileType = file.storyboard; name = Base; path = Base.lproj/LaunchScreen.storyboard; sourceTree = "<group>"; };
		CEBC56842CAE14A700BD0DF7 /* Info.plist */ = {isa = PBXFileReference; lastKnownFileType = text.plist.xml; path = Info.plist; sourceTree = "<group>"; };
/* End PBXFileReference section */

/* Begin PBXFrameworksBuildPhase section */
		CEBC566D2CAE14A500BD0DF7 /* Frameworks */ = {
			isa = PBXFrameworksBuildPhase;
			buildActionMask = 2147483647;
			files = (
			);
			runOnlyForDeploymentPostprocessing = 0;
		};
/* End PBXFrameworksBuildPhase section */

/* Begin PBXGroup section */
		CEBC56672CAE14A500BD0DF7 = {
			isa = PBXGroup;
			children = (
				CEBC56722CAE14A500BD0DF7 /* LupoColeccionJuegos */,
				CEBC56712CAE14A500BD0DF7 /* Products */,
			);
			sourceTree = "<group>";
		};
		CEBC56712CAE14A500BD0DF7 /* Products */ = {
			isa = PBXGroup;
			children = (
				CEBC56702CAE14A500BD0DF7 /* LupoColeccionJuegos.app */,
			);
			name = Products;
			sourceTree = "<group>";
		};
		CEBC56722CAE14A500BD0DF7 /* LupoColeccionJuegos */ = {
			isa = PBXGroup;
			children = (
				CEBC56732CAE14A500BD0DF7 /* AppDelegate.swift */,
				CEBC56752CAE14A500BD0DF7 /* SceneDelegate.swift */,
				CEBC56772CAE14A500BD0DF7 /* ViewController.swift */,
				CEBC56792CAE14A500BD0DF7 /* Main.storyboard */,
				CEBC567F2CAE14A700BD0DF7 /* Assets.xcassets */,
				CEBC56812CAE14A700BD0DF7 /* LaunchScreen.storyboard */,
				CEBC56842CAE14A700BD0DF7 /* Info.plist */,
				CEBC567C2CAE14A500BD0DF7 /* LupoColeccionJuegos.xcdatamodeld */,
			);
			path = LupoColeccionJuegos;
			sourceTree = "<group>";
		};
/* End PBXGroup section */

/* Begin PBXNativeTarget section */
		CEBC566F2CAE14A500BD0DF7 /* LupoColeccionJuegos */ = {
			isa = PBXNativeTarget;
			buildConfigurationList = CEBC56872CAE14A700BD0DF7 /* Build configuration list for PBXNativeTarget "LupoColeccionJuegos" */;
			buildPhases = (
				CEBC566C2CAE14A500BD0DF7 /* Sources */,
				CEBC566D2CAE14A500BD0DF7 /* Frameworks */,
				CEBC566E2CAE14A500BD0DF7 /* Resources */,
			);
			buildRules = (
			);
			dependencies = (
			);
			name = LupoColeccionJuegos;
			productName = LupoColeccionJuegos;
			productReference = CEBC56702CAE14A500BD0DF7 /* LupoColeccionJuegos.app */;
			productType = "com.apple.product-type.application";
		};
/* End PBXNativeTarget section */

/* Begin PBXProject section */
		CEBC56682CAE14A500BD0DF7 /* Project object */ = {
			isa = PBXProject;
			attributes = {
				BuildIndependentTargetsInParallel = 1;
				LastSwiftUpdateCheck = 1340;
				LastUpgradeCheck = 1340;
				TargetAttributes = {
					CEBC566F2CAE14A500BD0DF7 = {
						CreatedOnToolsVersion = 13.4.1;
					};
				};
			};
			buildConfigurationList = CEBC566B2CAE14A500BD0DF7 /* Build configuration list for PBXProject "LupoColeccionJuegos" */;
			compatibilityVersion = "Xcode 13.0";
			developmentRegion = en;
			hasScannedForEncodings = 0;
			knownRegions = (
				en,
				Base,
			);
			mainGroup = CEBC56672CAE14A500BD0DF7;
			productRefGroup = CEBC56712CAE14A500BD0DF7 /* Products */;
			projectDirPath = "";
			projectRoot = "";
			targets = (
				CEBC566F2CAE14A500BD0DF7 /* LupoColeccionJuegos */,
			);
		};
/* End PBXProject section */

/* Begin PBXResourcesBuildPhase section */
		CEBC566E2CAE14A500BD0DF7 /* Resources */ = {
			isa = PBXResourcesBuildPhase;
			buildActionMask = 2147483647;
			files = (
				CEBC56832CAE14A700BD0DF7 /* LaunchScreen.storyboard in Resources */,
				CEBC56802CAE14A700BD0DF7 /* Assets.xcassets in Resources */,
				CEBC567B2CAE14A500BD0DF7 /* Main.storyboard in Resources */,
			);
			runOnlyForDeploymentPostprocessing = 0;
		};
/* End PBXResourcesBuildPhase section */

/* Begin PBXSourcesBuildPhase section */
		CEBC566C2CAE14A500BD0DF7 /* Sources */ = {
			isa = PBXSourcesBuildPhase;
			buildActionMask = 2147483647;
			files = (
				CEBC567E2CAE14A500BD0DF7 /* LupoColeccionJuegos.xcdatamodeld in Sources */,
				CEBC56782CAE14A500BD0DF7 /* ViewController.swift in Sources */,
				CEBC56742CAE14A500BD0DF7 /* AppDelegate.swift in Sources */,
				CEBC56762CAE14A500BD0DF7 /* SceneDelegate.swift in Sources */,
			);
			runOnlyForDeploymentPostprocessing = 0;
		};
/* End PBXSourcesBuildPhase section */

/* Begin PBXVariantGroup section */
		CEBC56792CAE14A500BD0DF7 /* Main.storyboard */ = {
			isa = PBXVariantGroup;
			children = (
				CEBC567A2CAE14A500BD0DF7 /* Base */,
			);
			name = Main.storyboard;
			sourceTree = "<group>";
		};
		CEBC56812CAE14A700BD0DF7 /* LaunchScreen.storyboard */ = {
			isa = PBXVariantGroup;
			children = (
				CEBC56822CAE14A700BD0DF7 /* Base */,
			);
			name = LaunchScreen.storyboard;
			sourceTree = "<group>";
		};
/* End PBXVariantGroup section */

/* Begin XCBuildConfiguration section */
		CEBC56852CAE14A700BD0DF7 /* Debug */ = {
			isa = XCBuildConfiguration;
			buildSettings = {
				ALWAYS_SEARCH_USER_PATHS = NO;
				CLANG_ANALYZER_NONNULL = YES;
				CLANG_ANALYZER_NUMBER_OBJECT_CONVERSION = YES_AGGRESSIVE;
				CLANG_CXX_LANGUAGE_STANDARD = "gnu++17";
				CLANG_ENABLE_MODULES = YES;
				CLANG_ENABLE_OBJC_ARC = YES;
				CLANG_ENABLE_OBJC_WEAK = YES;
				CLANG_WARN_BLOCK_CAPTURE_AUTORELEASING = YES;
				CLANG_WARN_BOOL_CONVERSION = YES;
				CLANG_WARN_COMMA = YES;
				CLANG_WARN_CONSTANT_CONVERSION = YES;
				CLANG_WARN_DEPRECATED_OBJC_IMPLEMENTATIONS = YES;
				CLANG_WARN_DIRECT_OBJC_ISA_USAGE = YES_ERROR;
				CLANG_WARN_DOCUMENTATION_COMMENTS = YES;
				CLANG_WARN_EMPTY_BODY = YES;
				CLANG_WARN_ENUM_CONVERSION = YES;
				CLANG_WARN_INFINITE_RECURSION = YES;
				CLANG_WARN_INT_CONVERSION = YES;
				CLANG_WARN_NON_LITERAL_NULL_CONVERSION = YES;
				CLANG_WARN_OBJC_IMPLICIT_RETAIN_SELF = YES;
				CLANG_WARN_OBJC_LITERAL_CONVERSION = YES;
				CLANG_WARN_OBJC_ROOT_CLASS = YES_ERROR;
				CLANG_WARN_QUOTED_INCLUDE_IN_FRAMEWORK_HEADER = YES;
				CLANG_WARN_RANGE_LOOP_ANALYSIS = YES;
				CLANG_WARN_STRICT_PROTOTYPES = YES;
				CLANG_WARN_SUSPICIOUS_MOVE = YES;
				CLANG_WARN_UNGUARDED_AVAILABILITY = YES_AGGRESSIVE;
				CLANG_WARN_UNREACHABLE_CODE = YES;
				CLANG_WARN__DUPLICATE_METHOD_MATCH = YES;
				COPY_PHASE_STRIP = NO;
				DEBUG_INFORMATION_FORMAT = dwarf;
				ENABLE_STRICT_OBJC_MSGSEND = YES;
				ENABLE_TESTABILITY = YES;
				GCC_C_LANGUAGE_STANDARD = gnu11;
				GCC_DYNAMIC_NO_PIC = NO;
				GCC_NO_COMMON_BLOCKS = YES;
				GCC_OPTIMIZATION_LEVEL = 0;
				GCC_PREPROCESSOR_DEFINITIONS = (
					"DEBUG=1",
					"$(inherited)",
				);
				GCC_WARN_64_TO_32_BIT_CONVERSION = YES;
				GCC_WARN_ABOUT_RETURN_TYPE = YES_ERROR;
				GCC_WARN_UNDECLARED_SELECTOR = YES;
				GCC_WARN_UNINITIALIZED_AUTOS = YES_AGGRESSIVE;
				GCC_WARN_UNUSED_FUNCTION = YES;
				GCC_WARN_UNUSED_VARIABLE = YES;
				IPHONEOS_DEPLOYMENT_TARGET = 15.5;
				MTL_ENABLE_DEBUG_INFO = INCLUDE_SOURCE;
				MTL_FAST_MATH = YES;
				ONLY_ACTIVE_ARCH = YES;
				SDKROOT = iphoneos;
				SWIFT_ACTIVE_COMPILATION_CONDITIONS = DEBUG;
				SWIFT_OPTIMIZATION_LEVEL = "-Onone";
			};
			name = Debug;
		};
		CEBC56862CAE14A700BD0DF7 /* Release */ = {
			isa = XCBuildConfiguration;
			buildSettings = {
				ALWAYS_SEARCH_USER_PATHS = NO;
				CLANG_ANALYZER_NONNULL = YES;
				CLANG_ANALYZER_NUMBER_OBJECT_CONVERSION = YES_AGGRESSIVE;
				CLANG_CXX_LANGUAGE_STANDARD = "gnu++17";
				CLANG_ENABLE_MODULES = YES;
				CLANG_ENABLE_OBJC_ARC = YES;
				CLANG_ENABLE_OBJC_WEAK = YES;
				CLANG_WARN_BLOCK_CAPTURE_AUTORELEASING = YES;
				CLANG_WARN_BOOL_CONVERSION = YES;
				CLANG_WARN_COMMA = YES;
				CLANG_WARN_CONSTANT_CONVERSION = YES;
				CLANG_WARN_DEPRECATED_OBJC_IMPLEMENTATIONS = YES;
				CLANG_WARN_DIRECT_OBJC_ISA_USAGE = YES_ERROR;
				CLANG_WARN_DOCUMENTATION_COMMENTS = YES;
				CLANG_WARN_EMPTY_BODY = YES;
				CLANG_WARN_ENUM_CONVERSION = YES;
				CLANG_WARN_INFINITE_RECURSION = YES;
				CLANG_WARN_INT_CONVERSION = YES;
				CLANG_WARN_NON_LITERAL_NULL_CONVERSION = YES;
				CLANG_WARN_OBJC_IMPLICIT_RETAIN_SELF = YES;
				CLANG_WARN_OBJC_LITERAL_CONVERSION = YES;
				CLANG_WARN_OBJC_ROOT_CLASS = YES_ERROR;
				CLANG_WARN_QUOTED_INCLUDE_IN_FRAMEWORK_HEADER = YES;
				CLANG_WARN_RANGE_LOOP_ANALYSIS = YES;
				CLANG_WARN_STRICT_PROTOTYPES = YES;
				CLANG_WARN_SUSPICIOUS_MOVE = YES;
				CLANG_WARN_UNGUARDED_AVAILABILITY = YES_AGGRESSIVE;
				CLANG_WARN_UNREACHABLE_CODE = YES;
				CLANG_WARN__DUPLICATE_METHOD_MATCH = YES;
				COPY_PHASE_STRIP = NO;
				DEBUG_INFORMATION_FORMAT = "dwarf-with-dsym";
				ENABLE_NS_ASSERTIONS = NO;
				ENABLE_STRICT_OBJC_MSGSEND = YES;
				GCC_C_LANGUAGE_STANDARD = gnu11;
				GCC_NO_COMMON_BLOCKS = YES;
				GCC_WARN_64_TO_32_BIT_CONVERSION = YES;
				GCC_WARN_ABOUT_RETURN_TYPE = YES_ERROR;
				GCC_WARN_UNDECLARED_SELECTOR = YES;
				GCC_WARN_UNINITIALIZED_AUTOS = YES_AGGRESSIVE;
				GCC_WARN_UNUSED_FUNCTION = YES;
				GCC_WARN_UNUSED_VARIABLE = YES;
				IPHONEOS_DEPLOYMENT_TARGET = 15.5;
				MTL_ENABLE_DEBUG_INFO = NO;
				MTL_FAST_MATH = YES;
				SDKROOT = iphoneos;
				SWIFT_COMPILATION_MODE = wholemodule;
				SWIFT_OPTIMIZATION_LEVEL = "-O";
				VALIDATE_PRODUCT = YES;
			};
			name = Release;
		};
		CEBC56882CAE14A700BD0DF7 /* Debug */ = {
			isa = XCBuildConfiguration;
			buildSettings = {
				ASSETCATALOG_COMPILER_APPICON_NAME = AppIcon;
				ASSETCATALOG_COMPILER_GLOBAL_ACCENT_COLOR_NAME = AccentColor;
				CODE_SIGN_STYLE = Automatic;
				CURRENT_PROJECT_VERSION = 1;
				GENERATE_INFOPLIST_FILE = YES;
				INFOPLIST_FILE = LupoColeccionJuegos/Info.plist;
				INFOPLIST_KEY_UIApplicationSupportsIndirectInputEvents = YES;
				INFOPLIST_KEY_UILaunchStoryboardName = LaunchScreen;
				INFOPLIST_KEY_UIMainStoryboardFile = Main;
				INFOPLIST_KEY_UISupportedInterfaceOrientations_iPad = "UIInterfaceOrientationPortrait UIInterfaceOrientationPortraitUpsideDown UIInterfaceOrientationLandscapeLeft UIInterfaceOrientationLandscapeRight";
				INFOPLIST_KEY_UISupportedInterfaceOrientations_iPhone = "UIInterfaceOrientationPortrait UIInterfaceOrientationLandscapeLeft UIInterfaceOrientationLandscapeRight";
				LD_RUNPATH_SEARCH_PATHS = (
					"$(inherited)",
					"@executable_path/Frameworks",
				);
				MARKETING_VERSION = 1.0;
				PRODUCT_BUNDLE_IDENTIFIER = empresa.LupoColeccionJuegos;
				PRODUCT_NAME = "$(TARGET_NAME)";
				SWIFT_EMIT_LOC_STRINGS = YES;
				SWIFT_VERSION = 5.0;
				TARGETED_DEVICE_FAMILY = "1,2";
			};
			name = Debug;
		};
		CEBC56892CAE14A700BD0DF7 /* Release */ = {
			isa = XCBuildConfiguration;
			buildSettings = {
				ASSETCATALOG_COMPILER_APPICON_NAME = AppIcon;
				ASSETCATALOG_COMPILER_GLOBAL_ACCENT_COLOR_NAME = AccentColor;
				CODE_SIGN_STYLE = Automatic;
				CURRENT_PROJECT_VERSION = 1;
				GENERATE_INFOPLIST_FILE = YES;
				INFOPLIST_FILE = LupoColeccionJuegos/Info.plist;
				INFOPLIST_KEY_UIApplicationSupportsIndirectInputEvents = YES;
				INFOPLIST_KEY_UILaunchStoryboardName = LaunchScreen;
				INFOPLIST_KEY_UIMainStoryboardFile = Main;
				INFOPLIST_KEY_UISupportedInterfaceOrientations_iPad = "UIInterfaceOrientationPortrait UIInterfaceOrientationPortraitUpsideDown UIInterfaceOrientationLandscapeLeft UIInterfaceOrientationLandscapeRight";
				INFOPLIST_KEY_UISupportedInterfaceOrientations_iPhone = "UIInterfaceOrientationPortrait UIInterfaceOrientationLandscapeLeft UIInterfaceOrientationLandscapeRight";
				LD_RUNPATH_SEARCH_PATHS = (
					"$(inherited)",
					"@executable_path/Frameworks",
				);
				MARKETING_VERSION = 1.0;
				PRODUCT_BUNDLE_IDENTIFIER = empresa.LupoColeccionJuegos;
				PRODUCT_NAME = "$(TARGET_NAME)";
				SWIFT_EMIT_LOC_STRINGS = YES;
				SWIFT_VERSION = 5.0;
				TARGETED_DEVICE_FAMILY = "1,2";
			};
			name = Release;
		};
/* End XCBuildConfiguration section */

/* Begin XCConfigurationList section */
		CEBC566B2CAE14A500BD0DF7 /* Build configuration list for PBXProject "LupoColeccionJuegos" */ = {
			isa = XCConfigurationList;
			buildConfigurations = (
				CEBC56852CAE14A700BD0DF7 /* Debug */,
				CEBC56862CAE14A700BD0DF7 /* Release */,
			);
			defaultConfigurationIsVisible = 0;
			defaultConfigurationName = Release;
		};
		CEBC56872CAE14A700BD0DF7 /* Build configuration list for PBXNativeTarget "LupoColeccionJuegos" */ = {
			isa = XCConfigurationList;
			buildConfigurations = (
				CEBC56882CAE14A700BD0DF7 /* Debug */,
				CEBC56892CAE14A700BD0DF7 /* Release */,
			);
			defaultConfigurationIsVisible = 0;
			defaultConfigurationName = Release;
		};
/* End XCConfigurationList section */

/* Begin XCVersionGroup section */
		CEBC567C2CAE14A500BD0DF7 /* LupoColeccionJuegos.xcdatamodeld */ = {
			isa = XCVersionGroup;
			children = (
				CEBC567D2CAE14A500BD0DF7 /* LupoColeccionJuegos.xcdatamodel */,
			);
			currentVersion = CEBC567D2CAE14A500BD0DF7 /* LupoColeccionJuegos.xcdatamodel */;
			path = LupoColeccionJuegos.xcdatamodeld;
			sourceTree = "<group>";
			versionGroupType = wrapper.xcdatamodel;
		};
/* End XCVersionGroup section */
	};
	rootObject = CEBC56682CAE14A500BD0DF7 /* Project object */;
}
